
Microsoft Visual Studio Solution File, Format Version 11.00
# Visual Studio 2010
Project("{FAE04EC0-301F-11D3-BF4B-00C04F79EFBC}") = "Assembly-CSharp", "Assembly-CSharp.csproj", "{BBCBD500-40BC-7481-2162-FB577277773F}"
EndProject
Project("{FAE04EC0-301F-11D3-BF4B-00C04F79EFBC}") = "Assembly-CSharp-Editor", "Assembly-CSharp-Editor.csproj", "{8620781A-99E9-0585-849B-BBFDFD63F517}"
EndProject
Global
	GlobalSection(SolutionConfigurationPlatforms) = preSolution
		Debug|Any CPU = Debug|Any CPU
		Release|Any CPU = Release|Any CPU
	EndGlobalSection
	GlobalSection(ProjectConfigurationPlatforms) = postSolution
		{BBCBD500-40BC-7481-2162-FB577277773F}.Debug|Any CPU.ActiveCfg = Debug|Any CPU
		{BBCBD500-40BC-7481-2162-FB577277773F}.Debug|Any CPU.Build.0 = Debug|Any CPU
		{BBCBD500-40BC-7481-2162-FB577277773F}.Release|Any CPU.ActiveCfg = Release|Any CPU
		{BBCBD500-40BC-7481-2162-FB577277773F}.Release|Any CPU.Build.0 = Release|Any CPU
		{8620781A-99E9-0585-849B-BBFDFD63F517}.Debug|Any CPU.ActiveCfg = Debug|Any CPU
		{8620781A-99E9-0585-849B-BBFDFD63F517}.Debug|Any CPU.Build.0 = Debug|Any CPU
		{8620781A-99E9-0585-849B-BBFDFD63F517}.Release|Any CPU.ActiveCfg = Release|Any CPU
		{8620781A-99E9-0585-849B-BBFDFD63F517}.Release|Any CPU.Build.0 = Release|Any CPU
	EndGlobalSection
	GlobalSection(SolutionProperties) = preSolution
		HideSolutionNode = FALSE
	EndGlobalSection
EndGlobal
